
Microsoft Visual Studio Solution File, Format Version 12.00
# Visual Studio 2013
VisualStudioVersion = 12.0.31101.0
MinimumVisualStudioVersion = 10.0.40219.1
Project("{FAE04EC0-301F-11D3-BF4B-00C04F79EFBC}") = "App3", "App3\App3\App3.csproj", "{AA12D4A3-D844-4B10-BF31-9A2160B088B6}"
EndProject
Project("{FAE04EC0-301F-11D3-BF4B-00C04F79EFBC}") = "App3.Droid", "App3\App3.Droid\App3.Droid.csproj", "{CF75511A-7EAE-418F-A0D1-813EC4B11D02}"
EndProject
Project("{FAE04EC0-301F-11D3-BF4B-00C04F79EFBC}") = "App3.iOS", "App3\App3.iOS\App3.iOS.csproj", "{5B1B0180-3CEA-4914-8F82-0EDECE335069}"
EndProject
Project("{FAE04EC0-301F-11D3-BF4B-00C04F79EFBC}") = "App3.WinPhone", "App3\App3.WinPhone\App3.WinPhone.csproj", "{6325B1F4-29CA-4398-9DC5-52A0513E0090}"
EndProject
Project("{FAE04EC0-301F-11D3-BF4B-00C04F79EFBC}") = "App3.Windows", "App3\App3.Windows\App3.Windows.csproj", "{4C77B470-1DA1-46BD-916A-BE96581A9B2F}"
EndProject
Global
	GlobalSection(SolutionConfigurationPlatforms) = preSolution
		Ad-Hoc|Any CPU = Ad-Hoc|Any CPU
		Ad-Hoc|ARM = Ad-Hoc|ARM
		Ad-Hoc|iPhone = Ad-Hoc|iPhone
		Ad-Hoc|iPhoneSimulator = Ad-Hoc|iPhoneSimulator
		Ad-Hoc|Mixed Platforms = Ad-Hoc|Mixed Platforms
		Ad-Hoc|x64 = Ad-Hoc|x64
		Ad-Hoc|x86 = Ad-Hoc|x86
		AppStore|Any CPU = AppStore|Any CPU
		AppStore|ARM = AppStore|ARM
		AppStore|iPhone = AppStore|iPhone
		AppStore|iPhoneSimulator = AppStore|iPhoneSimulator
		AppStore|Mixed Platforms = AppStore|Mixed Platforms
		AppStore|x64 = AppStore|x64
		AppStore|x86 = AppStore|x86
		Debug|Any CPU = Debug|Any CPU
		Debug|ARM = Debug|ARM
		Debug|iPhone = Debug|iPhone
		Debug|iPhoneSimulator = Debug|iPhoneSimulator
		Debug|Mixed Platforms = Debug|Mixed Platforms
		Debug|x64 = Debug|x64
		Debug|x86 = Debug|x86
		Release|Any CPU = Release|Any CPU
		Release|ARM = Release|ARM
		Release|iPhone = Release|iPhone
		Release|iPhoneSimulator = Release|iPhoneSimulator
		Release|Mixed Platforms = Release|Mixed Platforms
		Release|x64 = Release|x64
		Release|x86 = Release|x86
	EndGlobalSection
	GlobalSection(ProjectConfigurationPlatforms) = postSolution
		{AA12D4A3-D844-4B10-BF31-9A2160B088B6}.Ad-Hoc|Any CPU.ActiveCfg = Release|Any CPU
		{AA12D4A3-D844-4B10-BF31-9A2160B088B6}.Ad-Hoc|Any CPU.Build.0 = Release|Any CPU
		{AA12D4A3-D844-4B10-BF31-9A2160B088B6}.Ad-Hoc|ARM.ActiveCfg = Release|Any CPU
		{AA12D4A3-D844-4B10-BF31-9A2160B088B6}.Ad-Hoc|iPhone.ActiveCfg = Release|Any CPU
		{AA12D4A3-D844-4B10-BF31-9A2160B088B6}.Ad-Hoc|iPhoneSimulator.ActiveCfg = Release|Any CPU
		{AA12D4A3-D844-4B10-BF31-9A2160B088B6}.Ad-Hoc|Mixed Platforms.ActiveCfg = Release|Any CPU
		{AA12D4A3-D844-4B10-BF31-9A2160B088B6}.Ad-Hoc|Mixed Platforms.Build.0 = Release|Any CPU
		{AA12D4A3-D844-4B10-BF31-9A2160B088B6}.Ad-Hoc|x64.ActiveCfg = Release|Any CPU
		{AA12D4A3-D844-4B10-BF31-9A2160B088B6}.Ad-Hoc|x86.ActiveCfg = Release|Any CPU
		{AA12D4A3-D844-4B10-BF31-9A2160B088B6}.AppStore|Any CPU.ActiveCfg = Release|Any CPU
		{AA12D4A3-D844-4B10-BF31-9A2160B088B6}.AppStore|Any CPU.Build.0 = Release|Any CPU
		{AA12D4A3-D844-4B10-BF31-9A2160B088B6}.AppStore|ARM.ActiveCfg = Release|Any CPU
		{AA12D4A3-D844-4B10-BF31-9A2160B088B6}.AppStore|iPhone.ActiveCfg = Release|Any CPU
		{AA12D4A3-D844-4B10-BF31-9A2160B088B6}.AppStore|iPhoneSimulator.ActiveCfg = Release|Any CPU
		{AA12D4A3-D844-4B10-BF31-9A2160B088B6}.AppStore|Mixed Platforms.ActiveCfg = Release|Any CPU
		{AA12D4A3-D844-4B10-BF31-9A2160B088B6}.AppStore|Mixed Platforms.Build.0 = Release|Any CPU
		{AA12D4A3-D844-4B10-BF31-9A2160B088B6}.AppStore|x64.ActiveCfg = Release|Any CPU
		{AA12D4A3-D844-4B10-BF31-9A2160B088B6}.AppStore|x86.ActiveCfg = Release|Any CPU
		{AA12D4A3-D844-4B10-BF31-9A2160B088B6}.Debug|Any CPU.ActiveCfg = Debug|Any CPU
		{AA12D4A3-D844-4B10-BF31-9A2160B088B6}.Debug|Any CPU.Build.0 = Debug|Any CPU
		{AA12D4A3-D844-4B10-BF31-9A2160B088B6}.Debug|ARM.ActiveCfg = Debug|Any CPU
		{AA12D4A3-D844-4B10-BF31-9A2160B088B6}.Debug|iPhone.ActiveCfg = Debug|Any CPU
		{AA12D4A3-D844-4B10-BF31-9A2160B088B6}.Debug|iPhoneSimulator.ActiveCfg = Debug|Any CPU
		{AA12D4A3-D844-4B10-BF31-9A2160B088B6}.Debug|iPhoneSimulator.Build.0 = Debug|Any CPU
		{AA12D4A3-D844-4B10-BF31-9A2160B088B6}.Debug|Mixed Platforms.ActiveCfg = Debug|Any CPU
		{AA12D4A3-D844-4B10-BF31-9A2160B088B6}.Debug|Mixed Platforms.Build.0 = Debug|Any CPU
		{AA12D4A3-D844-4B10-BF31-9A2160B088B6}.Debug|x64.ActiveCfg = Debug|Any CPU
		{AA12D4A3-D844-4B10-BF31-9A2160B088B6}.Debug|x86.ActiveCfg = Debug|Any CPU
		{AA12D4A3-D844-4B10-BF31-9A2160B088B6}.Release|Any CPU.ActiveCfg = Release|Any CPU
		{AA12D4A3-D844-4B10-BF31-9A2160B088B6}.Release|Any CPU.Build.0 = Release|Any CPU
		{AA12D4A3-D844-4B10-BF31-9A2160B088B6}.Release|ARM.ActiveCfg = Release|Any CPU
		{AA12D4A3-D844-4B10-BF31-9A2160B088B6}.Release|iPhone.ActiveCfg = Release|Any CPU
		{AA12D4A3-D844-4B10-BF31-9A2160B088B6}.Release|iPhoneSimulator.ActiveCfg = Release|Any CPU
		{AA12D4A3-D844-4B10-BF31-9A2160B088B6}.Release|Mixed Platforms.ActiveCfg = Release|Any CPU
		{AA12D4A3-D844-4B10-BF31-9A2160B088B6}.Release|Mixed Platforms.Build.0 = Release|Any CPU
		{AA12D4A3-D844-4B10-BF31-9A2160B088B6}.Release|x64.ActiveCfg = Release|Any CPU
		{AA12D4A3-D844-4B10-BF31-9A2160B088B6}.Release|x86.ActiveCfg = Release|Any CPU
		{CF75511A-7EAE-418F-A0D1-813EC4B11D02}.Ad-Hoc|Any CPU.ActiveCfg = Release|Any CPU
		{CF75511A-7EAE-418F-A0D1-813EC4B11D02}.Ad-Hoc|Any CPU.Build.0 = Release|Any CPU
		{CF75511A-7EAE-418F-A0D1-813EC4B11D02}.Ad-Hoc|Any CPU.Deploy.0 = Release|Any CPU
		{CF75511A-7EAE-418F-A0D1-813EC4B11D02}.Ad-Hoc|ARM.ActiveCfg = Release|Any CPU
		{CF75511A-7EAE-418F-A0D1-813EC4B11D02}.Ad-Hoc|iPhone.ActiveCfg = Release|Any CPU
		{CF75511A-7EAE-418F-A0D1-813EC4B11D02}.Ad-Hoc|iPhoneSimulator.ActiveCfg = Release|Any CPU
		{CF75511A-7EAE-418F-A0D1-813EC4B11D02}.Ad-Hoc|Mixed Platforms.ActiveCfg = Release|Any CPU
		{CF75511A-7EAE-418F-A0D1-813EC4B11D02}.Ad-Hoc|Mixed Platforms.Build.0 = Release|Any CPU
		{CF75511A-7EAE-418F-A0D1-813EC4B11D02}.Ad-Hoc|Mixed Platforms.Deploy.0 = Release|Any CPU
		{CF75511A-7EAE-418F-A0D1-813EC4B11D02}.Ad-Hoc|x64.ActiveCfg = Release|Any CPU
		{CF75511A-7EAE-418F-A0D1-813EC4B11D02}.Ad-Hoc|x86.ActiveCfg = Release|Any CPU
		{CF75511A-7EAE-418F-A0D1-813EC4B11D02}.AppStore|Any CPU.ActiveCfg = Release|Any CPU
		{CF75511A-7EAE-418F-A0D1-813EC4B11D02}.AppStore|Any CPU.Build.0 = Release|Any CPU
		{CF75511A-7EAE-418F-A0D1-813EC4B11D02}.AppStore|Any CPU.Deploy.0 = Release|Any CPU
		{CF75511A-7EAE-418F-A0D1-813EC4B11D02}.AppStore|ARM.ActiveCfg = Release|Any CPU
		{CF75511A-7EAE-418F-A0D1-813EC4B11D02}.AppStore|iPhone.ActiveCfg = Release|Any CPU
		{CF75511A-7EAE-418F-A0D1-813EC4B11D02}.AppStore|iPhoneSimulator.ActiveCfg = Release|Any CPU
		{CF75511A-7EAE-418F-A0D1-813EC4B11D02}.AppStore|Mixed Platforms.ActiveCfg = Release|Any CPU
		{CF75511A-7EAE-418F-A0D1-813EC4B11D02}.AppStore|Mixed Platforms.Build.0 = Release|Any CPU
		{CF75511A-7EAE-418F-A0D1-813EC4B11D02}.AppStore|Mixed Platforms.Deploy.0 = Release|Any CPU
		{CF75511A-7EAE-418F-A0D1-813EC4B11D02}.AppStore|x64.ActiveCfg = Release|Any CPU
		{CF75511A-7EAE-418F-A0D1-813EC4B11D02}.AppStore|x86.ActiveCfg = Release|Any CPU
		{CF75511A-7EAE-418F-A0D1-813EC4B11D02}.Debug|Any CPU.ActiveCfg = Debug|Any CPU
		{CF75511A-7EAE-418F-A0D1-813EC4B11D02}.Debug|Any CPU.Build.0 = Debug|Any CPU
		{CF75511A-7EAE-418F-A0D1-813EC4B11D02}.Debug|Any CPU.Deploy.0 = Debug|Any CPU
		{CF75511A-7EAE-418F-A0D1-813EC4B11D02}.Debug|ARM.ActiveCfg = Debug|Any CPU
		{CF75511A-7EAE-418F-A0D1-813EC4B11D02}.Debug|iPhone.ActiveCfg = Debug|Any CPU
		{CF75511A-7EAE-418F-A0D1-813EC4B11D02}.Debug|iPhoneSimulator.ActiveCfg = Debug|Any CPU
		{CF75511A-7EAE-418F-A0D1-813EC4B11D02}.Debug|iPhoneSimulator.Build.0 = Debug|Any CPU
		{CF75511A-7EAE-418F-A0D1-813EC4B11D02}.Debug|iPhoneSimulator.Deploy.0 = Debug|Any CPU
		{CF75511A-7EAE-418F-A0D1-813EC4B11D02}.Debug|Mixed Platforms.ActiveCfg = Debug|Any CPU
		{CF75511A-7EAE-418F-A0D1-813EC4B11D02}.Debug|Mixed Platforms.Build.0 = Debug|Any CPU
		{CF75511A-7EAE-418F-A0D1-813EC4B11D02}.Debug|Mixed Platforms.Deploy.0 = Debug|Any CPU
		{CF75511A-7EAE-418F-A0D1-813EC4B11D02}.Debug|x64.ActiveCfg = Debug|Any CPU
		{CF75511A-7EAE-418F-A0D1-813EC4B11D02}.Debug|x86.ActiveCfg = Debug|Any CPU
		{CF75511A-7EAE-418F-A0D1-813EC4B11D02}.Release|Any CPU.ActiveCfg = Release|Any CPU
		{CF75511A-7EAE-418F-A0D1-813EC4B11D02}.Release|Any CPU.Build.0 = Release|Any CPU
		{CF75511A-7EAE-418F-A0D1-813EC4B11D02}.Release|Any CPU.Deploy.0 = Release|Any CPU
		{CF75511A-7EAE-418F-A0D1-813EC4B11D02}.Release|ARM.ActiveCfg = Release|Any CPU
		{CF75511A-7EAE-418F-A0D1-813EC4B11D02}.Release|iPhone.ActiveCfg = Release|Any CPU
		{CF75511A-7EAE-418F-A0D1-813EC4B11D02}.Release|iPhoneSimulator.ActiveCfg = Release|Any CPU
		{CF75511A-7EAE-418F-A0D1-813EC4B11D02}.Release|Mixed Platforms.ActiveCfg = Release|Any CPU
		{CF75511A-7EAE-418F-A0D1-813EC4B11D02}.Release|Mixed Platforms.Build.0 = Release|Any CPU
		{CF75511A-7EAE-418F-A0D1-813EC4B11D02}.Release|Mixed Platforms.Deploy.0 = Release|Any CPU
		{CF75511A-7EAE-418F-A0D1-813EC4B11D02}.Release|x64.ActiveCfg = Release|Any CPU
		{CF75511A-7EAE-418F-A0D1-813EC4B11D02}.Release|x86.ActiveCfg = Release|Any CPU
		{5B1B0180-3CEA-4914-8F82-0EDECE335069}.Ad-Hoc|Any CPU.ActiveCfg = Ad-Hoc|iPhone
		{5B1B0180-3CEA-4914-8F82-0EDECE335069}.Ad-Hoc|ARM.ActiveCfg = Ad-Hoc|iPhone
		{5B1B0180-3CEA-4914-8F82-0EDECE335069}.Ad-Hoc|iPhone.ActiveCfg = Ad-Hoc|iPhone
		{5B1B0180-3CEA-4914-8F82-0EDECE335069}.Ad-Hoc|iPhone.Build.0 = Ad-Hoc|iPhone
		{5B1B0180-3CEA-4914-8F82-0EDECE335069}.Ad-Hoc|iPhoneSimulator.ActiveCfg = Ad-Hoc|iPhoneSimulator
		{5B1B0180-3CEA-4914-8F82-0EDECE335069}.Ad-Hoc|iPhoneSimulator.Build.0 = Ad-Hoc|iPhoneSimulator
		{5B1B0180-3CEA-4914-8F82-0EDECE335069}.Ad-Hoc|Mixed Platforms.ActiveCfg = Ad-Hoc|iPhone
		{5B1B0180-3CEA-4914-8F82-0EDECE335069}.Ad-Hoc|Mixed Platforms.Build.0 = Ad-Hoc|iPhone
		{5B1B0180-3CEA-4914-8F82-0EDECE335069}.Ad-Hoc|x64.ActiveCfg = Ad-Hoc|iPhone
		{5B1B0180-3CEA-4914-8F82-0EDECE335069}.Ad-Hoc|x86.ActiveCfg = Ad-Hoc|iPhone
		{5B1B0180-3CEA-4914-8F82-0EDECE335069}.AppStore|Any CPU.ActiveCfg = AppStore|iPhone
		{5B1B0180-3CEA-4914-8F82-0EDECE335069}.AppStore|ARM.ActiveCfg = AppStore|iPhone
		{5B1B0180-3CEA-4914-8F82-0EDECE335069}.AppStore|iPhone.ActiveCfg = AppStore|iPhone
		{5B1B0180-3CEA-4914-8F82-0EDECE335069}.AppStore|iPhone.Build.0 = AppStore|iPhone
		{5B1B0180-3CEA-4914-8F82-0EDECE335069}.AppStore|iPhoneSimulator.ActiveCfg = AppStore|iPhoneSimulator
		{5B1B0180-3CEA-4914-8F82-0EDECE335069}.AppStore|iPhoneSimulator.Build.0 = AppStore|iPhoneSimulator
		{5B1B0180-3CEA-4914-8F82-0EDECE335069}.AppStore|Mixed Platforms.ActiveCfg = AppStore|iPhone
		{5B1B0180-3CEA-4914-8F82-0EDECE335069}.AppStore|Mixed Platforms.Build.0 = AppStore|iPhone
		{5B1B0180-3CEA-4914-8F82-0EDECE335069}.AppStore|x64.ActiveCfg = AppStore|iPhone
		{5B1B0180-3CEA-4914-8F82-0EDECE335069}.AppStore|x86.ActiveCfg = AppStore|iPhone
		{5B1B0180-3CEA-4914-8F82-0EDECE335069}.Debug|Any CPU.ActiveCfg = Debug|iPhone
		{5B1B0180-3CEA-4914-8F82-0EDECE335069}.Debug|ARM.ActiveCfg = Debug|iPhone
		{5B1B0180-3CEA-4914-8F82-0EDECE335069}.Debug|iPhone.ActiveCfg = Debug|iPhone
		{5B1B0180-3CEA-4914-8F82-0EDECE335069}.Debug|iPhone.Build.0 = Debug|iPhone
		{5B1B0180-3CEA-4914-8F82-0EDECE335069}.Debug|iPhoneSimulator.ActiveCfg = Debug|iPhoneSimulator
		{5B1B0180-3CEA-4914-8F82-0EDECE335069}.Debug|iPhoneSimulator.Build.0 = Debug|iPhoneSimulator
		{5B1B0180-3CEA-4914-8F82-0EDECE335069}.Debug|Mixed Platforms.ActiveCfg = Debug|iPhone
		{5B1B0180-3CEA-4914-8F82-0EDECE335069}.Debug|Mixed Platforms.Build.0 = Debug|iPhone
		{5B1B0180-3CEA-4914-8F82-0EDECE335069}.Debug|x64.ActiveCfg = Debug|iPhone
		{5B1B0180-3CEA-4914-8F82-0EDECE335069}.Debug|x86.ActiveCfg = Debug|iPhone
		{5B1B0180-3CEA-4914-8F82-0EDECE335069}.Release|Any CPU.ActiveCfg = Release|iPhone
		{5B1B0180-3CEA-4914-8F82-0EDECE335069}.Release|ARM.ActiveCfg = Release|iPhone
		{5B1B0180-3CEA-4914-8F82-0EDECE335069}.Release|iPhone.ActiveCfg = Release|iPhone
		{5B1B0180-3CEA-4914-8F82-0EDECE335069}.Release|iPhone.Build.0 = Release|iPhone
		{5B1B0180-3CEA-4914-8F82-0EDECE335069}.Release|iPhoneSimulator.ActiveCfg = Release|iPhoneSimulator
		{5B1B0180-3CEA-4914-8F82-0EDECE335069}.Release|iPhoneSimulator.Build.0 = Release|iPhoneSimulator
		{5B1B0180-3CEA-4914-8F82-0EDECE335069}.Release|Mixed Platforms.ActiveCfg = Release|iPhone
		{5B1B0180-3CEA-4914-8F82-0EDECE335069}.Release|Mixed Platforms.Build.0 = Release|iPhone
		{5B1B0180-3CEA-4914-8F82-0EDECE335069}.Release|x64.ActiveCfg = Release|iPhone
		{5B1B0180-3CEA-4914-8F82-0EDECE335069}.Release|x86.ActiveCfg = Release|iPhone
		{6325B1F4-29CA-4398-9DC5-52A0513E0090}.Ad-Hoc|Any CPU.ActiveCfg = Release|Any CPU
		{6325B1F4-29CA-4398-9DC5-52A0513E0090}.Ad-Hoc|Any CPU.Build.0 = Release|Any CPU
		{6325B1F4-29CA-4398-9DC5-52A0513E0090}.Ad-Hoc|Any CPU.Deploy.0 = Release|Any CPU
		{6325B1F4-29CA-4398-9DC5-52A0513E0090}.Ad-Hoc|ARM.ActiveCfg = Release|ARM
		{6325B1F4-29CA-4398-9DC5-52A0513E0090}.Ad-Hoc|ARM.Build.0 = Release|ARM
		{6325B1F4-29CA-4398-9DC5-52A0513E0090}.Ad-Hoc|ARM.Deploy.0 = Release|ARM
		{6325B1F4-29CA-4398-9DC5-52A0513E0090}.Ad-Hoc|iPhone.ActiveCfg = Release|Any CPU
		{6325B1F4-29CA-4398-9DC5-52A0513E0090}.Ad-Hoc|iPhoneSimulator.ActiveCfg = Release|Any CPU
		{6325B1F4-29CA-4398-9DC5-52A0513E0090}.Ad-Hoc|Mixed Platforms.ActiveCfg = Release|x86
		{6325B1F4-29CA-4398-9DC5-52A0513E0090}.Ad-Hoc|Mixed Platforms.Build.0 = Release|x86
		{6325B1F4-29CA-4398-9DC5-52A0513E0090}.Ad-Hoc|Mixed Platforms.Deploy.0 = Release|x86
		{6325B1F4-29CA-4398-9DC5-52A0513E0090}.Ad-Hoc|x64.ActiveCfg = Release|Any CPU
		{6325B1F4-29CA-4398-9DC5-52A0513E0090}.Ad-Hoc|x86.ActiveCfg = Release|x86
		{6325B1F4-29CA-4398-9DC5-52A0513E0090}.Ad-Hoc|x86.Build.0 = Release|x86
		{6325B1F4-29CA-4398-9DC5-52A0513E0090}.Ad-Hoc|x86.Deploy.0 = Release|x86
		{6325B1F4-29CA-4398-9DC5-52A0513E0090}.AppStore|Any CPU.ActiveCfg = Release|Any CPU
		{6325B1F4-29CA-4398-9DC5-52A0513E0090}.AppStore|Any CPU.Build.0 = Release|Any CPU
		{6325B1F4-29CA-4398-9DC5-52A0513E0090}.AppStore|Any CPU.Deploy.0 = Release|Any CPU
		{6325B1F4-29CA-4398-9DC5-52A0513E0090}.AppStore|ARM.ActiveCfg = Release|ARM
		{6325B1F4-29CA-4398-9DC5-52A0513E0090}.AppStore|ARM.Build.0 = Release|ARM
		{6325B1F4-29CA-4398-9DC5-52A0513E0090}.AppStore|ARM.Deploy.0 = Release|ARM
		{6325B1F4-29CA-4398-9DC5-52A0513E0090}.AppStore|iPhone.ActiveCfg = Release|Any CPU
		{6325B1F4-29CA-4398-9DC5-52A0513E0090}.AppStore|iPhoneSimulator.ActiveCfg = Release|Any CPU
		{6325B1F4-29CA-4398-9DC5-52A0513E0090}.AppStore|Mixed Platforms.ActiveCfg = Release|x86
		{6325B1F4-29CA-4398-9DC5-52A0513E0090}.AppStore|Mixed Platforms.Build.0 = Release|x86
		{6325B1F4-29CA-4398-9DC5-52A0513E0090}.AppStore|Mixed Platforms.Deploy.0 = Release|x86
		{6325B1F4-29CA-4398-9DC5-52A0513E0090}.AppStore|x64.ActiveCfg = Release|Any CPU
		{6325B1F4-29CA-4398-9DC5-52A0513E0090}.AppStore|x86.ActiveCfg = Release|x86
		{6325B1F4-29CA-4398-9DC5-52A0513E0090}.AppStore|x86.Build.0 = Release|x86
		{6325B1F4-29CA-4398-9DC5-52A0513E0090}.AppStore|x86.Deploy.0 = Release|x86
		{6325B1F4-29CA-4398-9DC5-52A0513E0090}.Debug|Any CPU.ActiveCfg = Debug|Any CPU
		{6325B1F4-29CA-4398-9DC5-52A0513E0090}.Debug|Any CPU.Build.0 = Debug|Any CPU
		{6325B1F4-29CA-4398-9DC5-52A0513E0090}.Debug|Any CPU.Deploy.0 = Debug|Any CPU
		{6325B1F4-29CA-4398-9DC5-52A0513E0090}.Debug|ARM.ActiveCfg = Debug|ARM
		{6325B1F4-29CA-4398-9DC5-52A0513E0090}.Debug|ARM.Build.0 = Debug|ARM
		{6325B1F4-29CA-4398-9DC5-52A0513E0090}.Debug|ARM.Deploy.0 = Debug|ARM
		{6325B1F4-29CA-4398-9DC5-52A0513E0090}.Debug|iPhone.ActiveCfg = Debug|Any CPU
		{6325B1F4-29CA-4398-9DC5-52A0513E0090}.Debug|iPhoneSimulator.ActiveCfg = Debug|Any CPU
		{6325B1F4-29CA-4398-9DC5-52A0513E0090}.Debug|Mixed Platforms.ActiveCfg = Debug|x86
		{6325B1F4-29CA-4398-9DC5-52A0513E0090}.Debug|Mixed Platforms.Build.0 = Debug|x86
		{6325B1F4-29CA-4398-9DC5-52A0513E0090}.Debug|Mixed Platforms.Deploy.0 = Debug|x86
		{6325B1F4-29CA-4398-9DC5-52A0513E0090}.Debug|x64.ActiveCfg = Debug|Any CPU
		{6325B1F4-29CA-4398-9DC5-52A0513E0090}.Debug|x86.ActiveCfg = Debug|x86
		{6325B1F4-29CA-4398-9DC5-52A0513E0090}.Debug|x86.Build.0 = Debug|x86
		{6325B1F4-29CA-4398-9DC5-52A0513E0090}.Debug|x86.Deploy.0 = Debug|x86
		{6325B1F4-29CA-4398-9DC5-52A0513E0090}.Release|Any CPU.ActiveCfg = Release|Any CPU
		{6325B1F4-29CA-4398-9DC5-52A0513E0090}.Release|Any CPU.Build.0 = Release|Any CPU
		{6325B1F4-29CA-4398-9DC5-52A0513E0090}.Release|Any CPU.Deploy.0 = Release|Any CPU
		{6325B1F4-29CA-4398-9DC5-52A0513E0090}.Release|ARM.ActiveCfg = Release|ARM
		{6325B1F4-29CA-4398-9DC5-52A0513E0090}.Release|ARM.Build.0 = Release|ARM
		{6325B1F4-29CA-4398-9DC5-52A0513E0090}.Release|ARM.Deploy.0 = Release|ARM
		{6325B1F4-29CA-4398-9DC5-52A0513E0090}.Release|iPhone.ActiveCfg = Release|Any CPU
		{6325B1F4-29CA-4398-9DC5-52A0513E0090}.Release|iPhoneSimulator.ActiveCfg = Release|Any CPU
		{6325B1F4-29CA-4398-9DC5-52A0513E0090}.Release|Mixed Platforms.ActiveCfg = Release|x86
		{6325B1F4-29CA-4398-9DC5-52A0513E0090}.Release|Mixed Platforms.Build.0 = Release|x86
		{6325B1F4-29CA-4398-9DC5-52A0513E0090}.Release|Mixed Platforms.Deploy.0 = Release|x86
		{6325B1F4-29CA-4398-9DC5-52A0513E0090}.Release|x64.ActiveCfg = Release|Any CPU
		{6325B1F4-29CA-4398-9DC5-52A0513E0090}.Release|x86.ActiveCfg = Release|x86
		{6325B1F4-29CA-4398-9DC5-52A0513E0090}.Release|x86.Build.0 = Release|x86
		{6325B1F4-29CA-4398-9DC5-52A0513E0090}.Release|x86.Deploy.0 = Release|x86
		{4C77B470-1DA1-46BD-916A-BE96581A9B2F}.Ad-Hoc|Any CPU.ActiveCfg = Release|Any CPU
		{4C77B470-1DA1-46BD-916A-BE96581A9B2F}.Ad-Hoc|Any CPU.Build.0 = Release|Any CPU
		{4C77B470-1DA1-46BD-916A-BE96581A9B2F}.Ad-Hoc|Any CPU.Deploy.0 = Release|Any CPU
		{4C77B470-1DA1-46BD-916A-BE96581A9B2F}.Ad-Hoc|ARM.ActiveCfg = Release|ARM
		{4C77B470-1DA1-46BD-916A-BE96581A9B2F}.Ad-Hoc|ARM.Build.0 = Release|ARM
		{4C77B470-1DA1-46BD-916A-BE96581A9B2F}.Ad-Hoc|ARM.Deploy.0 = Release|ARM
		{4C77B470-1DA1-46BD-916A-BE96581A9B2F}.Ad-Hoc|iPhone.ActiveCfg = Release|Any CPU
		{4C77B470-1DA1-46BD-916A-BE96581A9B2F}.Ad-Hoc|iPhoneSimulator.ActiveCfg = Release|Any CPU
		{4C77B470-1DA1-46BD-916A-BE96581A9B2F}.Ad-Hoc|Mixed Platforms.ActiveCfg = Release|x86
		{4C77B470-1DA1-46BD-916A-BE96581A9B2F}.Ad-Hoc|Mixed Platforms.Build.0 = Release|x86
		{4C77B470-1DA1-46BD-916A-BE96581A9B2F}.Ad-Hoc|Mixed Platforms.Deploy.0 = Release|x86
		{4C77B470-1DA1-46BD-916A-BE96581A9B2F}.Ad-Hoc|x64.ActiveCfg = Release|x64
		{4C77B470-1DA1-46BD-916A-BE96581A9B2F}.Ad-Hoc|x64.Build.0 = Release|x64
		{4C77B470-1DA1-46BD-916A-BE96581A9B2F}.Ad-Hoc|x64.Deploy.0 = Release|x64
		{4C77B470-1DA1-46BD-916A-BE96581A9B2F}.Ad-Hoc|x86.ActiveCfg = Release|x86
		{4C77B470-1DA1-46BD-916A-BE96581A9B2F}.Ad-Hoc|x86.Build.0 = Release|x86
		{4C77B470-1DA1-46BD-916A-BE96581A9B2F}.Ad-Hoc|x86.Deploy.0 = Release|x86
		{4C77B470-1DA1-46BD-916A-BE96581A9B2F}.AppStore|Any CPU.ActiveCfg = Release|Any CPU
		{4C77B470-1DA1-46BD-916A-BE96581A9B2F}.AppStore|Any CPU.Build.0 = Release|Any CPU
		{4C77B470-1DA1-46BD-916A-BE96581A9B2F}.AppStore|Any CPU.Deploy.0 = Release|Any CPU
		{4C77B470-1DA1-46BD-916A-BE96581A9B2F}.AppStore|ARM.ActiveCfg = Release|ARM
		{4C77B470-1DA1-46BD-916A-BE96581A9B2F}.AppStore|ARM.Build.0 = Release|ARM
		{4C77B470-1DA1-46BD-916A-BE96581A9B2F}.AppStore|ARM.Deploy.0 = Release|ARM
		{4C77B470-1DA1-46BD-916A-BE96581A9B2F}.AppStore|iPhone.ActiveCfg = Release|Any CPU
		{4C77B470-1DA1-46BD-916A-BE96581A9B2F}.AppStore|iPhoneSimulator.ActiveCfg = Release|Any CPU
		{4C77B470-1DA1-46BD-916A-BE96581A9B2F}.AppStore|Mixed Platforms.ActiveCfg = Release|x86
		{4C77B470-1DA1-46BD-916A-BE96581A9B2F}.AppStore|Mixed Platforms.Build.0 = Release|x86
		{4C77B470-1DA1-46BD-916A-BE96581A9B2F}.AppStore|Mixed Platforms.Deploy.0 = Release|x86
		{4C77B470-1DA1-46BD-916A-BE96581A9B2F}.AppStore|x64.ActiveCfg = Release|x64
		{4C77B470-1DA1-46BD-916A-BE96581A9B2F}.AppStore|x64.Build.0 = Release|x64
		{4C77B470-1DA1-46BD-916A-BE96581A9B2F}.AppStore|x64.Deploy.0 = Release|x64
		{4C77B470-1DA1-46BD-916A-BE96581A9B2F}.AppStore|x86.ActiveCfg = Release|x86
		{4C77B470-1DA1-46BD-916A-BE96581A9B2F}.AppStore|x86.Build.0 = Release|x86
		{4C77B470-1DA1-46BD-916A-BE96581A9B2F}.AppStore|x86.Deploy.0 = Release|x86
		{4C77B470-1DA1-46BD-916A-BE96581A9B2F}.Debug|Any CPU.ActiveCfg = Debug|Any CPU
		{4C77B470-1DA1-46BD-916A-BE96581A9B2F}.Debug|Any CPU.Build.0 = Debug|Any CPU
		{4C77B470-1DA1-46BD-916A-BE96581A9B2F}.Debug|Any CPU.Deploy.0 = Debug|Any CPU
		{4C77B470-1DA1-46BD-916A-BE96581A9B2F}.Debug|ARM.ActiveCfg = Debug|ARM
		{4C77B470-1DA1-46BD-916A-BE96581A9B2F}.Debug|ARM.Build.0 = Debug|ARM
		{4C77B470-1DA1-46BD-916A-BE96581A9B2F}.Debug|ARM.Deploy.0 = Debug|ARM
		{4C77B470-1DA1-46BD-916A-BE96581A9B2F}.Debug|iPhone.ActiveCfg = Debug|Any CPU
		{4C77B470-1DA1-46BD-916A-BE96581A9B2F}.Debug|iPhoneSimulator.ActiveCfg = Debug|Any CPU
		{4C77B470-1DA1-46BD-916A-BE96581A9B2F}.Debug|Mixed Platforms.ActiveCfg = Debug|x86
		{4C77B470-1DA1-46BD-916A-BE96581A9B2F}.Debug|Mixed Platforms.Build.0 = Debug|x86
		{4C77B470-1DA1-46BD-916A-BE96581A9B2F}.Debug|Mixed Platforms.Deploy.0 = Debug|x86
		{4C77B470-1DA1-46BD-916A-BE96581A9B2F}.Debug|x64.ActiveCfg = Debug|x64
		{4C77B470-1DA1-46BD-916A-BE96581A9B2F}.Debug|x64.Build.0 = Debug|x64
		{4C77B470-1DA1-46BD-916A-BE96581A9B2F}.Debug|x64.Deploy.0 = Debug|x64
		{4C77B470-1DA1-46BD-916A-BE96581A9B2F}.Debug|x86.ActiveCfg = Debug|x86
		{4C77B470-1DA1-46BD-916A-BE96581A9B2F}.Debug|x86.Build.0 = Debug|x86
		{4C77B470-1DA1-46BD-916A-BE96581A9B2F}.Debug|x86.Deploy.0 = Debug|x86
		{4C77B470-1DA1-46BD-916A-BE96581A9B2F}.Release|Any CPU.ActiveCfg = Release|Any CPU
		{4C77B470-1DA1-46BD-916A-BE96581A9B2F}.Release|Any CPU.Build.0 = Release|Any CPU
		{4C77B470-1DA1-46BD-916A-BE96581A9B2F}.Release|Any CPU.Deploy.0 = Release|Any CPU
		{4C77B470-1DA1-46BD-916A-BE96581A9B2F}.Release|ARM.ActiveCfg = Release|ARM
		{4C77B470-1DA1-46BD-916A-BE96581A9B2F}.Release|ARM.Build.0 = Release|ARM
		{4C77B470-1DA1-46BD-916A-BE96581A9B2F}.Release|ARM.Deploy.0 = Release|ARM
		{4C77B470-1DA1-46BD-916A-BE96581A9B2F}.Release|iPhone.ActiveCfg = Release|Any CPU
		{4C77B470-1DA1-46BD-916A-BE96581A9B2F}.Release|iPhoneSimulator.ActiveCfg = Release|Any CPU
		{4C77B470-1DA1-46BD-916A-BE96581A9B2F}.Release|Mixed Platforms.ActiveCfg = Release|x86
		{4C77B470-1DA1-46BD-916A-BE96581A9B2F}.Release|Mixed Platforms.Build.0 = Release|x86
		{4C77B470-1DA1-46BD-916A-BE96581A9B2F}.Release|Mixed Platforms.Deploy.0 = Release|x86
		{4C77B470-1DA1-46BD-916A-BE96581A9B2F}.Release|x64.ActiveCfg = Release|x64
		{4C77B470-1DA1-46BD-916A-BE96581A9B2F}.Release|x64.Build.0 = Release|x64
		{4C77B470-1DA1-46BD-916A-BE96581A9B2F}.Release|x64.Deploy.0 = Release|x64
		{4C77B470-1DA1-46BD-916A-BE96581A9B2F}.Release|x86.ActiveCfg = Release|x86
		{4C77B470-1DA1-46BD-916A-BE96581A9B2F}.Release|x86.Build.0 = Release|x86
		{4C77B470-1DA1-46BD-916A-BE96581A9B2F}.Release|x86.Deploy.0 = Release|x86
	EndGlobalSection
	GlobalSection(SolutionProperties) = preSolution
		HideSolutionNode = FALSE
	EndGlobalSection
EndGlobal
